
Microsoft Visual Studio Solution File, Format Version 12.00
# Visual Studio Version 16
VisualStudioVersion = 16.0.29025.244
MinimumVisualStudioVersion = 10.0.40219.1
Project("{9A19103F-16F7-4668-BE54-9A1E7A4F7556}") = "ClickButtonLink", "ClickButtonLink\ClickButtonLink.csproj", "{B08B9219-5B85-4CB1-BA71-A8B8C08C7442}"
EndProject
Project("{FAE04EC0-301F-11D3-BF4B-00C04F79EFBC}") = "Models", "Models\Models.csproj", "{A539A045-8FC2-4038-98B3-0C5D74744981}"
EndProject
Project("{FAE04EC0-301F-11D3-BF4B-00C04F79EFBC}") = "DBRepository", "DBRepository\DBRepository.csproj", "{7917F010-C1FE-4D47-9C5E-A5E3091FFFEC}"
EndProject
Global
	GlobalSection(SolutionConfigurationPlatforms) = preSolution
		Debug|Any CPU = Debug|Any CPU
		Release|Any CPU = Release|Any CPU
	EndGlobalSection
	GlobalSection(ProjectConfigurationPlatforms) = postSolution
		{B08B9219-5B85-4CB1-BA71-A8B8C08C7442}.Debug|Any CPU.ActiveCfg = Debug|Any CPU
		{B08B9219-5B85-4CB1-BA71-A8B8C08C7442}.Debug|Any CPU.Build.0 = Debug|Any CPU
		{B08B9219-5B85-4CB1-BA71-A8B8C08C7442}.Release|Any CPU.ActiveCfg = Release|Any CPU
		{B08B9219-5B85-4CB1-BA71-A8B8C08C7442}.Release|Any CPU.Build.0 = Release|Any CPU
		{A539A045-8FC2-4038-98B3-0C5D74744981}.Debug|Any CPU.ActiveCfg = Debug|Any CPU
		{A539A045-8FC2-4038-98B3-0C5D74744981}.Debug|Any CPU.Build.0 = Debug|Any CPU
		{A539A045-8FC2-4038-98B3-0C5D74744981}.Release|Any CPU.ActiveCfg = Release|Any CPU
		{A539A045-8FC2-4038-98B3-0C5D74744981}.Release|Any CPU.Build.0 = Release|Any CPU
		{7917F010-C1FE-4D47-9C5E-A5E3091FFFEC}.Debug|Any CPU.ActiveCfg = Debug|Any CPU
		{7917F010-C1FE-4D47-9C5E-A5E3091FFFEC}.Debug|Any CPU.Build.0 = Debug|Any CPU
		{7917F010-C1FE-4D47-9C5E-A5E3091FFFEC}.Release|Any CPU.ActiveCfg = Release|Any CPU
		{7917F010-C1FE-4D47-9C5E-A5E3091FFFEC}.Release|Any CPU.Build.0 = Release|Any CPU
	EndGlobalSection
	GlobalSection(SolutionProperties) = preSolution
		HideSolutionNode = FALSE
	EndGlobalSection
	GlobalSection(ExtensibilityGlobals) = postSolution
		SolutionGuid = {8511A608-9136-49AD-B49C-5F795BF6A4D1}
	EndGlobalSection
EndGlobal
